
Microsoft Visual Studio Solution File, Format Version 12.00
# Visual Studio Version 16
VisualStudioVersion = 16.0.31004.235
MinimumVisualStudioVersion = 10.0.40219.1
Project("{2150E333-8FDC-42A3-9474-1A3956D46DE8}") = "01 Acey Ducey", "01 Acey Ducey", "{63FEF89A-DAF1-42C6-B86B-AAD51E885553}"
EndProject
Project("{2150E333-8FDC-42A3-9474-1A3956D46DE8}") = "csharp", "csharp", "{9ADA338C-DAB6-4EE8-8F53-F3F711BEA985}"
EndProject
Project("{9A19103F-16F7-4668-BE54-9A1E7A4F7556}") = "AceyDucey", "..\01 Acey Ducey\csharp\AceyDucey.csproj", "{DA16CAAE-A3BE-42D0-9525-623AA6B0EDC3}"
EndProject
Project("{2150E333-8FDC-42A3-9474-1A3956D46DE8}") = "33 Dice", "33 Dice", "{3C6771F4-513C-4B8D-A042-15E18EB27740}"
EndProject
Project("{2150E333-8FDC-42A3-9474-1A3956D46DE8}") = "csharp", "csharp", "{AC302ACD-C3B2-460D-BA1A-0A511C36A848}"
EndProject
Project("{9A19103F-16F7-4668-BE54-9A1E7A4F7556}") = "Dice", "..\33 Dice\csharp\Dice.csproj", "{26D086DE-0BBD-4A18-AC63-2476A7DB52D3}"
EndProject
Project("{2150E333-8FDC-42A3-9474-1A3956D46DE8}") = "47 Hi-Lo", "47 Hi-Lo", "{A2BC8E4A-B977-46A6-B897-7E675ACB96F0}"
EndProject
Project("{2150E333-8FDC-42A3-9474-1A3956D46DE8}") = "csharp", "csharp", "{04298EE8-0EF3-475C-9427-E04C267BBEFB}"
EndProject
Project("{9A19103F-16F7-4668-BE54-9A1E7A4F7556}") = "hi-lo", "..\47 Hi-Lo\csharp\hi-lo.csproj", "{9B8FB4D6-EB62-47CC-A89D-96D330E96FF6}"
EndProject
Project("{2150E333-8FDC-42A3-9474-1A3956D46DE8}") = "05 Bagels", "05 Bagels", "{946C0E7C-8A83-4C7F-9959-1AF0AEF4A027}"
EndProject
Project("{2150E333-8FDC-42A3-9474-1A3956D46DE8}") = "csharp", "csharp", "{91DA95EE-DD42-4AEC-A886-07F834061BFC}"
EndProject
Project("{9A19103F-16F7-4668-BE54-9A1E7A4F7556}") = "Bagels", "..\05 Bagels\csharp\Bagels.csproj", "{DC32ED10-ACEA-4B09-8B2A-54E1F7277C0A}"
EndProject
Project("{2150E333-8FDC-42A3-9474-1A3956D46DE8}") = "03 Animal", "03 Animal", "{5F727E5B-480B-48DC-8239-AD14385FEF40}"
EndProject
Project("{2150E333-8FDC-42A3-9474-1A3956D46DE8}") = "csharp", "csharp", "{E88F55C1-845B-4694-AA9B-4EB3F1091396}"
EndProject
Project("{9A19103F-16F7-4668-BE54-9A1E7A4F7556}") = "Animal", "..\03 Animal\csharp\Animal.csproj", "{7F5B0B03-CDA3-4D5B-9409-1DF2DEB57CA5}"
EndProject
Project("{2150E333-8FDC-42A3-9474-1A3956D46DE8}") = "24 Chemist", "24 Chemist", "{A33C6AE1-5E44-4029-9223-B054067BB717}"
EndProject
Project("{2150E333-8FDC-42A3-9474-1A3956D46DE8}") = "csharp", "csharp", "{E60B7841-30FE-4026-9454-8BEC62EACAB6}"
EndProject
Project("{9A19103F-16F7-4668-BE54-9A1E7A4F7556}") = "Chemist", "..\24 Chemist\csharp\Chemist\Chemist\Chemist.csproj", "{95A31965-3B41-47FC-8C5E-F1EC0C56F640}"
EndProject
Project("{2150E333-8FDC-42A3-9474-1A3956D46DE8}") = "78 Sine Wave", "78 Sine Wave", "{C53042AB-D732-4BD0-BF05-B2A3F35DFDA6}"
EndProject
Project("{2150E333-8FDC-42A3-9474-1A3956D46DE8}") = "csharp", "csharp", "{45DE498A-44AA-425B-AAC6-BBE7879FC494}"
EndProject
Project("{9A19103F-16F7-4668-BE54-9A1E7A4F7556}") = "SineWave", "..\78 Sine Wave\csharp\SineWave\SineWave\SineWave.csproj", "{FD044C17-92BE-47E1-B573-A93ACAFDF269}"
EndProject
Project("{2150E333-8FDC-42A3-9474-1A3956D46DE8}") = "Common", "Common", "{5CBAC69A-C677-436A-8A30-60C0764B2040}"
EndProject
Project("{FAE04EC0-301F-11D3-BF4B-00C04F79EFBC}") = "Games.Common", "Games.Common\Games.Common.csproj", "{62493505-203F-4451-9376-108377DF18CC}"
EndProject
Project("{2150E333-8FDC-42A3-9474-1A3956D46DE8}") = "02 Amazing", "02 Amazing", "{C23A54DC-79BF-44FE-ACF9-9160C1C4C4E8}"
EndProject
Project("{2150E333-8FDC-42A3-9474-1A3956D46DE8}") = "csharp", "csharp", "{8B55E85E-96B8-456C-AABF-59FD1F70A608}"
EndProject
Project("{9A19103F-16F7-4668-BE54-9A1E7A4F7556}") = "Amazing", "..\02 Amazing\csharp\Amazing.csproj", "{FF7A1FEE-ACA0-4D05-BB57-2244B0B02A6D}"
EndProject
Project("{2150E333-8FDC-42A3-9474-1A3956D46DE8}") = "13 Bounce", "13 Bounce", "{F6371B02-FB0D-4B5D-988D-5319D3D74256}"
EndProject
Project("{2150E333-8FDC-42A3-9474-1A3956D46DE8}") = "csharp", "csharp", "{C1046B20-B62C-4427-85A5-DDA7B1B561A8}"
EndProject
Project("{9A19103F-16F7-4668-BE54-9A1E7A4F7556}") = "Bounce", "..\13 Bounce\csharp\Bounce.csproj", "{A2AC2BA9-EC16-4273-8055-7A4152527900}"
EndProject
Global
	GlobalSection(SolutionConfigurationPlatforms) = preSolution
		Debug|Any CPU = Debug|Any CPU
		Release|Any CPU = Release|Any CPU
	EndGlobalSection
	GlobalSection(ProjectConfigurationPlatforms) = postSolution
		{DA16CAAE-A3BE-42D0-9525-623AA6B0EDC3}.Debug|Any CPU.ActiveCfg = Debug|Any CPU
		{DA16CAAE-A3BE-42D0-9525-623AA6B0EDC3}.Debug|Any CPU.Build.0 = Debug|Any CPU
		{DA16CAAE-A3BE-42D0-9525-623AA6B0EDC3}.Release|Any CPU.ActiveCfg = Release|Any CPU
		{DA16CAAE-A3BE-42D0-9525-623AA6B0EDC3}.Release|Any CPU.Build.0 = Release|Any CPU
		{26D086DE-0BBD-4A18-AC63-2476A7DB52D3}.Debug|Any CPU.ActiveCfg = Debug|Any CPU
		{26D086DE-0BBD-4A18-AC63-2476A7DB52D3}.Debug|Any CPU.Build.0 = Debug|Any CPU
		{26D086DE-0BBD-4A18-AC63-2476A7DB52D3}.Release|Any CPU.ActiveCfg = Release|Any CPU
		{26D086DE-0BBD-4A18-AC63-2476A7DB52D3}.Release|Any CPU.Build.0 = Release|Any CPU
		{9B8FB4D6-EB62-47CC-A89D-96D330E96FF6}.Debug|Any CPU.ActiveCfg = Debug|Any CPU
		{9B8FB4D6-EB62-47CC-A89D-96D330E96FF6}.Debug|Any CPU.Build.0 = Debug|Any CPU
		{9B8FB4D6-EB62-47CC-A89D-96D330E96FF6}.Release|Any CPU.ActiveCfg = Release|Any CPU
		{9B8FB4D6-EB62-47CC-A89D-96D330E96FF6}.Release|Any CPU.Build.0 = Release|Any CPU
		{DC32ED10-ACEA-4B09-8B2A-54E1F7277C0A}.Debug|Any CPU.ActiveCfg = Debug|Any CPU
		{DC32ED10-ACEA-4B09-8B2A-54E1F7277C0A}.Debug|Any CPU.Build.0 = Debug|Any CPU
		{DC32ED10-ACEA-4B09-8B2A-54E1F7277C0A}.Release|Any CPU.ActiveCfg = Release|Any CPU
		{DC32ED10-ACEA-4B09-8B2A-54E1F7277C0A}.Release|Any CPU.Build.0 = Release|Any CPU
		{7F5B0B03-CDA3-4D5B-9409-1DF2DEB57CA5}.Debug|Any CPU.ActiveCfg = Debug|Any CPU
		{7F5B0B03-CDA3-4D5B-9409-1DF2DEB57CA5}.Debug|Any CPU.Build.0 = Debug|Any CPU
		{7F5B0B03-CDA3-4D5B-9409-1DF2DEB57CA5}.Release|Any CPU.ActiveCfg = Release|Any CPU
		{7F5B0B03-CDA3-4D5B-9409-1DF2DEB57CA5}.Release|Any CPU.Build.0 = Release|Any CPU
		{95A31965-3B41-47FC-8C5E-F1EC0C56F640}.Debug|Any CPU.ActiveCfg = Debug|Any CPU
		{95A31965-3B41-47FC-8C5E-F1EC0C56F640}.Debug|Any CPU.Build.0 = Debug|Any CPU
		{95A31965-3B41-47FC-8C5E-F1EC0C56F640}.Release|Any CPU.ActiveCfg = Release|Any CPU
		{95A31965-3B41-47FC-8C5E-F1EC0C56F640}.Release|Any CPU.Build.0 = Release|Any CPU
		{FD044C17-92BE-47E1-B573-A93ACAFDF269}.Debug|Any CPU.ActiveCfg = Debug|Any CPU
		{FD044C17-92BE-47E1-B573-A93ACAFDF269}.Debug|Any CPU.Build.0 = Debug|Any CPU
		{FD044C17-92BE-47E1-B573-A93ACAFDF269}.Release|Any CPU.ActiveCfg = Release|Any CPU
		{FD044C17-92BE-47E1-B573-A93ACAFDF269}.Release|Any CPU.Build.0 = Release|Any CPU
		{62493505-203F-4451-9376-108377DF18CC}.Debug|Any CPU.ActiveCfg = Debug|Any CPU
		{62493505-203F-4451-9376-108377DF18CC}.Debug|Any CPU.Build.0 = Debug|Any CPU
		{62493505-203F-4451-9376-108377DF18CC}.Release|Any CPU.ActiveCfg = Release|Any CPU
		{62493505-203F-4451-9376-108377DF18CC}.Release|Any CPU.Build.0 = Release|Any CPU
		{FF7A1FEE-ACA0-4D05-BB57-2244B0B02A6D}.Debug|Any CPU.ActiveCfg = Debug|Any CPU
		{FF7A1FEE-ACA0-4D05-BB57-2244B0B02A6D}.Release|Any CPU.ActiveCfg = Release|Any CPU
		{FF7A1FEE-ACA0-4D05-BB57-2244B0B02A6D}.Release|Any CPU.Build.0 = Release|Any CPU
		{A2AC2BA9-EC16-4273-8055-7A4152527900}.Debug|Any CPU.ActiveCfg = Debug|Any CPU
		{A2AC2BA9-EC16-4273-8055-7A4152527900}.Debug|Any CPU.Build.0 = Debug|Any CPU
		{A2AC2BA9-EC16-4273-8055-7A4152527900}.Release|Any CPU.ActiveCfg = Release|Any CPU
		{A2AC2BA9-EC16-4273-8055-7A4152527900}.Release|Any CPU.Build.0 = Release|Any CPU
	EndGlobalSection
	GlobalSection(SolutionProperties) = preSolution
		HideSolutionNode = FALSE
	EndGlobalSection
	GlobalSection(NestedProjects) = preSolution
		{9ADA338C-DAB6-4EE8-8F53-F3F711BEA985} = {63FEF89A-DAF1-42C6-B86B-AAD51E885553}
		{DA16CAAE-A3BE-42D0-9525-623AA6B0EDC3} = {9ADA338C-DAB6-4EE8-8F53-F3F711BEA985}
		{AC302ACD-C3B2-460D-BA1A-0A511C36A848} = {3C6771F4-513C-4B8D-A042-15E18EB27740}
		{26D086DE-0BBD-4A18-AC63-2476A7DB52D3} = {AC302ACD-C3B2-460D-BA1A-0A511C36A848}
		{04298EE8-0EF3-475C-9427-E04C267BBEFB} = {A2BC8E4A-B977-46A6-B897-7E675ACB96F0}
		{9B8FB4D6-EB62-47CC-A89D-96D330E96FF6} = {04298EE8-0EF3-475C-9427-E04C267BBEFB}
		{91DA95EE-DD42-4AEC-A886-07F834061BFC} = {946C0E7C-8A83-4C7F-9959-1AF0AEF4A027}
		{DC32ED10-ACEA-4B09-8B2A-54E1F7277C0A} = {91DA95EE-DD42-4AEC-A886-07F834061BFC}
		{E88F55C1-845B-4694-AA9B-4EB3F1091396} = {5F727E5B-480B-48DC-8239-AD14385FEF40}
		{7F5B0B03-CDA3-4D5B-9409-1DF2DEB57CA5} = {E88F55C1-845B-4694-AA9B-4EB3F1091396}
		{E60B7841-30FE-4026-9454-8BEC62EACAB6} = {A33C6AE1-5E44-4029-9223-B054067BB717}
		{95A31965-3B41-47FC-8C5E-F1EC0C56F640} = {E60B7841-30FE-4026-9454-8BEC62EACAB6}
		{45DE498A-44AA-425B-AAC6-BBE7879FC494} = {C53042AB-D732-4BD0-BF05-B2A3F35DFDA6}
		{FD044C17-92BE-47E1-B573-A93ACAFDF269} = {45DE498A-44AA-425B-AAC6-BBE7879FC494}
		{62493505-203F-4451-9376-108377DF18CC} = {5CBAC69A-C677-436A-8A30-60C0764B2040}
		{8B55E85E-96B8-456C-AABF-59FD1F70A608} = {C23A54DC-79BF-44FE-ACF9-9160C1C4C4E8}
		{FF7A1FEE-ACA0-4D05-BB57-2244B0B02A6D} = {8B55E85E-96B8-456C-AABF-59FD1F70A608}
		{C1046B20-B62C-4427-85A5-DDA7B1B561A8} = {F6371B02-FB0D-4B5D-988D-5319D3D74256}
		{A2AC2BA9-EC16-4273-8055-7A4152527900} = {C1046B20-B62C-4427-85A5-DDA7B1B561A8}
	EndGlobalSection
	GlobalSection(ExtensibilityGlobals) = postSolution
		SolutionGuid = {703D538E-7F20-4DD0-A3DD-7BBE36AC82AF}
	EndGlobalSection
EndGlobal
